
Microsoft Visual Studio Solution File, Format Version 12.00
# Visual Studio Version 17
VisualStudioVersion = 17.1.32228.430
MinimumVisualStudioVersion = 10.0.40219.1
Project("{FAE04EC0-301F-11D3-BF4B-00C04F79EFBC}") = "PocketBook", "PocketBook.csproj", "{3CF5A4A3-A3A3-4297-8F5C-4AA8811D4C4E}"
EndProject
Global
	GlobalSection(SolutionConfigurationPlatforms) = preSolution
		Debug|Any CPU = Debug|Any CPU
		Release|Any CPU = Release|Any CPU
	EndGlobalSection
	GlobalSection(ProjectConfigurationPlatforms) = postSolution
		{3CF5A4A3-A3A3-4297-8F5C-4AA8811D4C4E}.Debug|Any CPU.ActiveCfg = Debug|Any CPU
		{3CF5A4A3-A3A3-4297-8F5C-4AA8811D4C4E}.Debug|Any CPU.Build.0 = Debug|Any CPU
		{3CF5A4A3-A3A3-4297-8F5C-4AA8811D4C4E}.Release|Any CPU.ActiveCfg = Release|Any CPU
		{3CF5A4A3-A3A3-4297-8F5C-4AA8811D4C4E}.Release|Any CPU.Build.0 = Release|Any CPU
	EndGlobalSection
	GlobalSection(SolutionProperties) = preSolution
		HideSolutionNode = FALSE
	EndGlobalSection
	GlobalSection(ExtensibilityGlobals) = postSolution
		SolutionGuid = {6EC54592-7132-43CE-B582-76BF762C2963}
	EndGlobalSection
EndGlobal
